
Microsoft Visual Studio Solution File, Format Version 12.00
# Visual Studio 15
VisualStudioVersion = 15.0.28307.438
MinimumVisualStudioVersion = 10.0.40219.1
Project("{FAE04EC0-301F-11D3-BF4B-00C04F79EFBC}") = "NewTms", "NewTms\NewTms.csproj", "{5CC084E3-50FA-43E3-8E16-16DDC0428784}"
EndProject
Project("{FAE04EC0-301F-11D3-BF4B-00C04F79EFBC}") = "NewTmsBLL", "NewTmsBLL\NewTmsBLL.csproj", "{778AD0EC-70EE-422E-8C50-829314A96BB2}"
EndProject
Project("{FAE04EC0-301F-11D3-BF4B-00C04F79EFBC}") = "NewTmsDAL", "NewTmsDAL\NewTmsDAL.csproj", "{69DBB0FA-CFED-4917-8CF1-40557A724A0E}"
EndProject
Project("{FAE04EC0-301F-11D3-BF4B-00C04F79EFBC}") = "NemTmsHelper", "NemTmsHelper\NemTmsHelper.csproj", "{80CE11A7-1641-47F9-ACD4-D6DEDBC16E93}"
EndProject
Global
	GlobalSection(SolutionConfigurationPlatforms) = preSolution
		Debug|Any CPU = Debug|Any CPU
		Release|Any CPU = Release|Any CPU
	EndGlobalSection
	GlobalSection(ProjectConfigurationPlatforms) = postSolution
		{5CC084E3-50FA-43E3-8E16-16DDC0428784}.Debug|Any CPU.ActiveCfg = Debug|Any CPU
		{5CC084E3-50FA-43E3-8E16-16DDC0428784}.Debug|Any CPU.Build.0 = Debug|Any CPU
		{5CC084E3-50FA-43E3-8E16-16DDC0428784}.Release|Any CPU.ActiveCfg = Release|Any CPU
		{5CC084E3-50FA-43E3-8E16-16DDC0428784}.Release|Any CPU.Build.0 = Release|Any CPU
		{778AD0EC-70EE-422E-8C50-829314A96BB2}.Debug|Any CPU.ActiveCfg = Debug|Any CPU
		{778AD0EC-70EE-422E-8C50-829314A96BB2}.Debug|Any CPU.Build.0 = Debug|Any CPU
		{778AD0EC-70EE-422E-8C50-829314A96BB2}.Release|Any CPU.ActiveCfg = Release|Any CPU
		{778AD0EC-70EE-422E-8C50-829314A96BB2}.Release|Any CPU.Build.0 = Release|Any CPU
		{69DBB0FA-CFED-4917-8CF1-40557A724A0E}.Debug|Any CPU.ActiveCfg = Debug|Any CPU
		{69DBB0FA-CFED-4917-8CF1-40557A724A0E}.Debug|Any CPU.Build.0 = Debug|Any CPU
		{69DBB0FA-CFED-4917-8CF1-40557A724A0E}.Release|Any CPU.ActiveCfg = Release|Any CPU
		{69DBB0FA-CFED-4917-8CF1-40557A724A0E}.Release|Any CPU.Build.0 = Release|Any CPU
		{80CE11A7-1641-47F9-ACD4-D6DEDBC16E93}.Debug|Any CPU.ActiveCfg = Debug|Any CPU
		{80CE11A7-1641-47F9-ACD4-D6DEDBC16E93}.Debug|Any CPU.Build.0 = Debug|Any CPU
		{80CE11A7-1641-47F9-ACD4-D6DEDBC16E93}.Release|Any CPU.ActiveCfg = Release|Any CPU
		{80CE11A7-1641-47F9-ACD4-D6DEDBC16E93}.Release|Any CPU.Build.0 = Release|Any CPU
	EndGlobalSection
	GlobalSection(SolutionProperties) = preSolution
		HideSolutionNode = FALSE
	EndGlobalSection
	GlobalSection(ExtensibilityGlobals) = postSolution
		SolutionGuid = {DE2A2044-2478-4995-A43E-3971211AE037}
	EndGlobalSection
EndGlobal
